{
  "nodes": {
    "home-manager": {
      "inputs": {
        "nixpkgs": [
          "nixpkgs"
        ]
      },
      "locked": {
        "lastModified": 1713166971,
        "narHash": "sha256-t0P/rKlsE5l1O3O2LYtAelLzp7PeoPCSzsIietQ1hSM=",
        "owner": "nix-community",
        "repo": "home-manager",
        "rev": "1c43dcfac48a2d622797f7ab741670fdbcf8f609",
        "type": "github"
      },
      "original": {
        "owner": "nix-community",
        "repo": "home-manager",
        "type": "github"
      }
    },
    "nixpkgs": {
      "locked": {
        "lastModified": 1712963716,
        "narHash": "sha256-WKm9CvgCldeIVvRz87iOMi8CFVB1apJlkUT4GGvA0iM=",
        "owner": "nixos",
        "repo": "nixpkgs",
        "rev": "cfd6b5fc90b15709b780a5a1619695a88505a176",
        "type": "github"
      },
      "original": {
        "owner": "nixos",
        "ref": "nixos-unstable",
        "repo": "nixpkgs",
        "type": "github"
      }
    },
    "nixpkgs-stable": {
      "locked": {
        "lastModified": 1713638189,
        "narHash": "sha256-q7APLfB6FmmSMI1Su5ihW9IwntBsk2hWNXh8XtSdSIk=",
        "owner": "NixOS",
        "repo": "nixpkgs",
        "rev": "74574c38577914733b4f7a775dd77d24245081dd",
        "type": "github"
      },
      "original": {
        "owner": "NixOS",
        "ref": "release-23.11",
        "repo": "nixpkgs",
        "type": "github"
      }
    },
    "root": {
      "inputs": {
        "home-manager": "home-manager",
        "nixpkgs": "nixpkgs",
        "sops-nix": "sops-nix"
      }
    },
    "sops-nix": {
      "inputs": {
        "nixpkgs": [
          "nixpkgs"
        ],
        "nixpkgs-stable": "nixpkgs-stable"
      },
      "locked": {
        "lastModified": 1713876234,
        "narHash": "sha256-Wl0oA7U6y7qzSBX6G5Rw66/AfhK1X1OtvAC5a8P/694=",
        "owner": "Mic92",
        "repo": "sops-nix",
        "rev": "0441c0fb4fdbe5e5e65250039d509f14ca39e212",
        "type": "github"
      },
      "original": {
        "owner": "Mic92",
        "repo": "sops-nix",
        "type": "github"
      }
    }
  },
  "root": "root",
  "version": 7
}
